{
  "name": "sp-svg-diagram-demo",
  "version": "1.0.0",
  "lockfileVersion": 3,
  "requires": true,
  "packages": {
    "": {
      "name": "sp-svg-diagram-demo",
      "version": "1.0.0",
      "dependencies": {
        "sp-svg-diagram": "^1.0.0"
      }
    },
    "node_modules/sp-svg-diagram": {
      "version": "1.0.0",
      "resolved": "https://registry.npmjs.org/sp-svg-diagram/-/sp-svg-diagram-1.0.0.tgz",
      "integrity": "sha512-verszIJJPdBlZA+z5g5m+cEoUePEQrTfWFFVndVW9J0Wg/KoiZRFl6pvXua8CcVplgwpTWd8U6QIcPMM1QCwxw=="
    }
  }
}
